
Microsoft Visual Studio Solution File, Format Version 12.00
Project("{FAE04EC0-301F-11D3-BF4B-00C04F79EFBC}") = "WebScraping", "WebScraping\WebScraping.csproj", "{2D27F961-6FD1-4079-A005-EBFE792EC9A5}"
EndProject
Project("{FAE04EC0-301F-11D3-BF4B-00C04F79EFBC}") = "FileLoader", "FileLoader\FileLoader.csproj", "{F25CE85C-74B7-41D4-A324-59AA6617C90E}"
EndProject
Project("{FAE04EC0-301F-11D3-BF4B-00C04F79EFBC}") = "FileLoaderTests", "FileLoaderTests\FileLoaderTests.csproj", "{01341151-B542-4209-9BF3-822BF1D7A7DD}"
EndProject
Project("{FAE04EC0-301F-11D3-BF4B-00C04F79EFBC}") = "DiffCalculator", "DiffCalculator\DiffCalculator.csproj", "{0ACC3F4F-0EC6-4062-BE96-E8CBE18582B9}"
EndProject
Project("{FAE04EC0-301F-11D3-BF4B-00C04F79EFBC}") = "DiffCalculatorTests", "DiffCalculatorTests\DiffCalculatorTests.csproj", "{D1F23C86-33D0-43B7-9095-6C1EF0BA7D8B}"
EndProject
Project("{FAE04EC0-301F-11D3-BF4B-00C04F79EFBC}") = "FileManager", "FileManager\FileManager.csproj", "{9E793217-F100-4577-A637-13DECC5EB5A2}"
EndProject
Project("{FAE04EC0-301F-11D3-BF4B-00C04F79EFBC}") = "Common", "Common\Common.csproj", "{9158C0BB-7D7F-4A54-ABE1-EF0B24C79849}"
EndProject
Project("{FAE04EC0-301F-11D3-BF4B-00C04F79EFBC}") = "Tests", "Tests\Tests.csproj", "{99439716-DE96-45D0-9561-73BDD388C2D0}"
EndProject
Project("{FAE04EC0-301F-11D3-BF4B-00C04F79EFBC}") = "StockCLI", "StockCLI\StockCLI.csproj", "{67BCE041-D25F-454E-BDE8-9CD8237D1022}"
EndProject
Global
	GlobalSection(SolutionConfigurationPlatforms) = preSolution
		Debug|Any CPU = Debug|Any CPU
		Release|Any CPU = Release|Any CPU
	EndGlobalSection
	GlobalSection(ProjectConfigurationPlatforms) = postSolution
		{67BCE041-D25F-454E-BDE8-9CD8237D1022}.Debug|Any CPU.ActiveCfg = Debug|Any CPU
		{67BCE041-D25F-454E-BDE8-9CD8237D1022}.Debug|Any CPU.Build.0 = Debug|Any CPU
		{67BCE041-D25F-454E-BDE8-9CD8237D1022}.Release|Any CPU.ActiveCfg = Release|Any CPU
		{67BCE041-D25F-454E-BDE8-9CD8237D1022}.Release|Any CPU.Build.0 = Release|Any CPU
	EndGlobalSection
	GlobalSection(NestedProjects) = preSolution
	EndGlobalSection
EndGlobal
