
Microsoft Visual Studio Solution File, Format Version 12.00
Project("{FAE04EC0-301F-11D3-BF4B-00C04F79EFBC}") = "WebScraping", "WebScraping\WebScraping.csproj", "{2D27F961-6FD1-4079-A005-EBFE792EC9A5}"
EndProject
Project("{FAE04EC0-301F-11D3-BF4B-00C04F79EFBC}") = "FileLoader", "FileLoader\FileLoader.csproj", "{F25CE85C-74B7-41D4-A324-59AA6617C90E}"
EndProject
Project("{FAE04EC0-301F-11D3-BF4B-00C04F79EFBC}") = "FileLoaderTests", "FileLoaderTests\FileLoaderTests.csproj", "{01341151-B542-4209-9BF3-822BF1D7A7DD}"
EndProject
Project("{FAE04EC0-301F-11D3-BF4B-00C04F79EFBC}") = "DiffCalculator", "DiffCalculator\DiffCalculator.csproj", "{0ACC3F4F-0EC6-4062-BE96-E8CBE18582B9}"
EndProject
Project("{FAE04EC0-301F-11D3-BF4B-00C04F79EFBC}") = "DiffCalculatorTests", "DiffCalculatorTests\DiffCalculatorTests.csproj", "{D1F23C86-33D0-43B7-9095-6C1EF0BA7D8B}"
EndProject
Project("{FAE04EC0-301F-11D3-BF4B-00C04F79EFBC}") = "FileManager", "FileManager\FileManager.csproj", "{9E793217-F100-4577-A637-13DECC5EB5A2}"
EndProject
Project("{FAE04EC0-301F-11D3-BF4B-00C04F79EFBC}") = "WebScrapingTests", "WebScrapingTests\WebScrapingTests.csproj", "{99439716-DE96-45D0-9561-73BDD388C2D0}"
EndProject
Project("{FAE04EC0-301F-11D3-BF4B-00C04F79EFBC}") = "ReportExport", "ReportExport\ReportExport.csproj", "{CA25A70D-8B62-443E-9EA4-1A61B3DF5F6D}"
EndProject
Project("{FAE04EC0-301F-11D3-BF4B-00C04F79EFBC}") = "StockDataAccessLayer", "StockDataAccessLayer\StockDataAccessLayer.csproj", "{E6F876F6-C725-40CC-B7F1-6231A74B6CC4}"
EndProject
Project("{FAE04EC0-301F-11D3-BF4B-00C04F79EFBC}") = "StockDAL.SQLite.Migrations", "StockDAL.SQLite.Migrations\StockDAL.SQLite.Migrations.csproj", "{40DD0418-4B54-4FDA-8AE9-15032D001B93}"
EndProject
Project("{FAE04EC0-301F-11D3-BF4B-00C04F79EFBC}") = "StockInfrastructure", "StockInfrastructure\StockInfrastructure.csproj", "{08B0B936-1D66-4DA3-98E2-F069BEE465FE}"
EndProject
Project("{2150E333-8FDC-42A3-9474-1A3956D46DE8}") = "StockWebAPI", "StockWebAPI", "{9C1F14EE-7833-483A-B448-44B02FC89508}"
EndProject
Project("{FAE04EC0-301F-11D3-BF4B-00C04F79EFBC}") = "StockBusinessLayer", "StockBusinessLayer\StockBusinessLayer.csproj", "{D86C955B-E9BB-4F00-AA98-808E525559B3}"
EndProject
Project("{FAE04EC0-301F-11D3-BF4B-00C04F79EFBC}") = "StockWebAPI", "StockWebAPI\StockWebAPI.csproj", "{3A526F2C-2049-4B38-99B7-6564112E9EAE}"
EndProject
Project("{2150E333-8FDC-42A3-9474-1A3956D46DE8}") = "GenericLayerdArchitecture", "GenericLayerdArchitecture", "{B23AFC43-CADA-4132-967F-75CC51F0FA04}"
EndProject
Project("{FAE04EC0-301F-11D3-BF4B-00C04F79EFBC}") = "GenericDataAccessLayer", "GenericDataAccessLayer\GenericDataAccessLayer.csproj", "{EE2030EE-04B3-4A40-819C-F4C3D95B4546}"
EndProject
Project("{FAE04EC0-301F-11D3-BF4B-00C04F79EFBC}") = "GenericInfrastructure", "GenericInfrastructure\GenericInfrastructure.csproj", "{8467885E-C197-4B98-95CD-DDCA92CC8636}"
EndProject
Project("{FAE04EC0-301F-11D3-BF4B-00C04F79EFBC}") = "GenericBusinessLayer", "GenericBusinessLayer\GenericBusinessLayer.csproj", "{9D5F965A-786E-41BE-B39C-8E6FB967444A}"
EndProject
Project("{FAE04EC0-301F-11D3-BF4B-00C04F79EFBC}") = "StockAPI", "StockAPI\StockAPI.csproj", "{08A9AE70-6333-4838-B9D1-5D5E767FBC5E}"
EndProject
Global
	GlobalSection(SolutionConfigurationPlatforms) = preSolution
		Debug|Any CPU = Debug|Any CPU
		Release|Any CPU = Release|Any CPU
	EndGlobalSection
	GlobalSection(ProjectConfigurationPlatforms) = postSolution
		{0ACC3F4F-0EC6-4062-BE96-E8CBE18582B9}.Debug|Any CPU.ActiveCfg = Debug|Any CPU
		{0ACC3F4F-0EC6-4062-BE96-E8CBE18582B9}.Debug|Any CPU.Build.0 = Debug|Any CPU
		{D1F23C86-33D0-43B7-9095-6C1EF0BA7D8B}.Debug|Any CPU.ActiveCfg = Debug|Any CPU
		{D1F23C86-33D0-43B7-9095-6C1EF0BA7D8B}.Debug|Any CPU.Build.0 = Debug|Any CPU
		{F25CE85C-74B7-41D4-A324-59AA6617C90E}.Debug|Any CPU.ActiveCfg = Debug|Any CPU
		{F25CE85C-74B7-41D4-A324-59AA6617C90E}.Debug|Any CPU.Build.0 = Debug|Any CPU
		{01341151-B542-4209-9BF3-822BF1D7A7DD}.Debug|Any CPU.ActiveCfg = Debug|Any CPU
		{01341151-B542-4209-9BF3-822BF1D7A7DD}.Debug|Any CPU.Build.0 = Debug|Any CPU
		{9E793217-F100-4577-A637-13DECC5EB5A2}.Debug|Any CPU.ActiveCfg = Debug|Any CPU
		{9E793217-F100-4577-A637-13DECC5EB5A2}.Debug|Any CPU.Build.0 = Debug|Any CPU
		{99439716-DE96-45D0-9561-73BDD388C2D0}.Debug|Any CPU.ActiveCfg = Debug|Any CPU
		{99439716-DE96-45D0-9561-73BDD388C2D0}.Debug|Any CPU.Build.0 = Debug|Any CPU
		{2D27F961-6FD1-4079-A005-EBFE792EC9A5}.Debug|Any CPU.ActiveCfg = Debug|Any CPU
		{2D27F961-6FD1-4079-A005-EBFE792EC9A5}.Debug|Any CPU.Build.0 = Debug|Any CPU
		{CA25A70D-8B62-443E-9EA4-1A61B3DF5F6D}.Debug|Any CPU.ActiveCfg = Debug|Any CPU
		{CA25A70D-8B62-443E-9EA4-1A61B3DF5F6D}.Debug|Any CPU.Build.0 = Debug|Any CPU
		{CA25A70D-8B62-443E-9EA4-1A61B3DF5F6D}.Release|Any CPU.ActiveCfg = Release|Any CPU
		{CA25A70D-8B62-443E-9EA4-1A61B3DF5F6D}.Release|Any CPU.Build.0 = Release|Any CPU
		{E6F876F6-C725-40CC-B7F1-6231A74B6CC4}.Debug|Any CPU.ActiveCfg = Debug|Any CPU
		{E6F876F6-C725-40CC-B7F1-6231A74B6CC4}.Debug|Any CPU.Build.0 = Debug|Any CPU
		{E6F876F6-C725-40CC-B7F1-6231A74B6CC4}.Release|Any CPU.ActiveCfg = Release|Any CPU
		{E6F876F6-C725-40CC-B7F1-6231A74B6CC4}.Release|Any CPU.Build.0 = Release|Any CPU
		{40DD0418-4B54-4FDA-8AE9-15032D001B93}.Debug|Any CPU.ActiveCfg = Debug|Any CPU
		{40DD0418-4B54-4FDA-8AE9-15032D001B93}.Debug|Any CPU.Build.0 = Debug|Any CPU
		{40DD0418-4B54-4FDA-8AE9-15032D001B93}.Release|Any CPU.ActiveCfg = Release|Any CPU
		{40DD0418-4B54-4FDA-8AE9-15032D001B93}.Release|Any CPU.Build.0 = Release|Any CPU
		{08B0B936-1D66-4DA3-98E2-F069BEE465FE}.Debug|Any CPU.ActiveCfg = Debug|Any CPU
		{08B0B936-1D66-4DA3-98E2-F069BEE465FE}.Debug|Any CPU.Build.0 = Debug|Any CPU
		{08B0B936-1D66-4DA3-98E2-F069BEE465FE}.Release|Any CPU.ActiveCfg = Release|Any CPU
		{08B0B936-1D66-4DA3-98E2-F069BEE465FE}.Release|Any CPU.Build.0 = Release|Any CPU
		{D86C955B-E9BB-4F00-AA98-808E525559B3}.Debug|Any CPU.ActiveCfg = Debug|Any CPU
		{D86C955B-E9BB-4F00-AA98-808E525559B3}.Debug|Any CPU.Build.0 = Debug|Any CPU
		{D86C955B-E9BB-4F00-AA98-808E525559B3}.Release|Any CPU.ActiveCfg = Release|Any CPU
		{D86C955B-E9BB-4F00-AA98-808E525559B3}.Release|Any CPU.Build.0 = Release|Any CPU
		{3A526F2C-2049-4B38-99B7-6564112E9EAE}.Debug|Any CPU.ActiveCfg = Debug|Any CPU
		{3A526F2C-2049-4B38-99B7-6564112E9EAE}.Debug|Any CPU.Build.0 = Debug|Any CPU
		{3A526F2C-2049-4B38-99B7-6564112E9EAE}.Release|Any CPU.ActiveCfg = Release|Any CPU
		{3A526F2C-2049-4B38-99B7-6564112E9EAE}.Release|Any CPU.Build.0 = Release|Any CPU
		{EE2030EE-04B3-4A40-819C-F4C3D95B4546}.Debug|Any CPU.ActiveCfg = Debug|Any CPU
		{EE2030EE-04B3-4A40-819C-F4C3D95B4546}.Debug|Any CPU.Build.0 = Debug|Any CPU
		{EE2030EE-04B3-4A40-819C-F4C3D95B4546}.Release|Any CPU.ActiveCfg = Release|Any CPU
		{EE2030EE-04B3-4A40-819C-F4C3D95B4546}.Release|Any CPU.Build.0 = Release|Any CPU
		{8467885E-C197-4B98-95CD-DDCA92CC8636}.Debug|Any CPU.ActiveCfg = Debug|Any CPU
		{8467885E-C197-4B98-95CD-DDCA92CC8636}.Debug|Any CPU.Build.0 = Debug|Any CPU
		{8467885E-C197-4B98-95CD-DDCA92CC8636}.Release|Any CPU.ActiveCfg = Release|Any CPU
		{8467885E-C197-4B98-95CD-DDCA92CC8636}.Release|Any CPU.Build.0 = Release|Any CPU
		{9D5F965A-786E-41BE-B39C-8E6FB967444A}.Debug|Any CPU.ActiveCfg = Debug|Any CPU
		{9D5F965A-786E-41BE-B39C-8E6FB967444A}.Debug|Any CPU.Build.0 = Debug|Any CPU
		{9D5F965A-786E-41BE-B39C-8E6FB967444A}.Release|Any CPU.ActiveCfg = Release|Any CPU
		{9D5F965A-786E-41BE-B39C-8E6FB967444A}.Release|Any CPU.Build.0 = Release|Any CPU
		{08A9AE70-6333-4838-B9D1-5D5E767FBC5E}.Debug|Any CPU.ActiveCfg = Debug|Any CPU
		{08A9AE70-6333-4838-B9D1-5D5E767FBC5E}.Debug|Any CPU.Build.0 = Debug|Any CPU
		{08A9AE70-6333-4838-B9D1-5D5E767FBC5E}.Release|Any CPU.ActiveCfg = Release|Any CPU
		{08A9AE70-6333-4838-B9D1-5D5E767FBC5E}.Release|Any CPU.Build.0 = Release|Any CPU
	EndGlobalSection
	GlobalSection(NestedProjects) = preSolution
		{40DD0418-4B54-4FDA-8AE9-15032D001B93} = {9C1F14EE-7833-483A-B448-44B02FC89508}
		{E6F876F6-C725-40CC-B7F1-6231A74B6CC4} = {9C1F14EE-7833-483A-B448-44B02FC89508}
		{08B0B936-1D66-4DA3-98E2-F069BEE465FE} = {9C1F14EE-7833-483A-B448-44B02FC89508}
		{D86C955B-E9BB-4F00-AA98-808E525559B3} = {9C1F14EE-7833-483A-B448-44B02FC89508}
		{3A526F2C-2049-4B38-99B7-6564112E9EAE} = {9C1F14EE-7833-483A-B448-44B02FC89508}
		{EE2030EE-04B3-4A40-819C-F4C3D95B4546} = {B23AFC43-CADA-4132-967F-75CC51F0FA04}
		{8467885E-C197-4B98-95CD-DDCA92CC8636} = {B23AFC43-CADA-4132-967F-75CC51F0FA04}
		{9D5F965A-786E-41BE-B39C-8E6FB967444A} = {B23AFC43-CADA-4132-967F-75CC51F0FA04}
		{08A9AE70-6333-4838-B9D1-5D5E767FBC5E} = {9C1F14EE-7833-483A-B448-44B02FC89508}
	EndGlobalSection
EndGlobal
