
Microsoft Visual Studio Solution File, Format Version 12.00
Project("{FAE04EC0-301F-11D3-BF4B-00C04F79EFBC}") = "WebScraping", "WebScraping\WebScraping.csproj", "{2D27F961-6FD1-4079-A005-EBFE792EC9A5}"
EndProject
Project("{FAE04EC0-301F-11D3-BF4B-00C04F79EFBC}") = "FileLoader", "FileLoader\FileLoader.csproj", "{F25CE85C-74B7-41D4-A324-59AA6617C90E}"
EndProject
Project("{FAE04EC0-301F-11D3-BF4B-00C04F79EFBC}") = "FileLoaderTests", "FileLoaderTests\FileLoaderTests.csproj", "{01341151-B542-4209-9BF3-822BF1D7A7DD}"
EndProject
Project("{FAE04EC0-301F-11D3-BF4B-00C04F79EFBC}") = "DiffCalculator", "DiffCalculator\DiffCalculator.csproj", "{0ACC3F4F-0EC6-4062-BE96-E8CBE18582B9}"
EndProject
Project("{FAE04EC0-301F-11D3-BF4B-00C04F79EFBC}") = "DiffCalculatorTests", "DiffCalculatorTests\DiffCalculatorTests.csproj", "{D1F23C86-33D0-43B7-9095-6C1EF0BA7D8B}"
EndProject
Project("{FAE04EC0-301F-11D3-BF4B-00C04F79EFBC}") = "FileManager", "FileManager\FileManager.csproj", "{9E793217-F100-4577-A637-13DECC5EB5A2}"
EndProject
Project("{FAE04EC0-301F-11D3-BF4B-00C04F79EFBC}") = "WebScrapingTests", "WebScrapingTests\WebScrapingTests.csproj", "{99439716-DE96-45D0-9561-73BDD388C2D0}"
EndProject
Project("{FAE04EC0-301F-11D3-BF4B-00C04F79EFBC}") = "StockDataAccessLayer", "StockDataAccessLayer\StockDataAccessLayer.csproj", "{E6F876F6-C725-40CC-B7F1-6231A74B6CC4}"
EndProject
Project("{FAE04EC0-301F-11D3-BF4B-00C04F79EFBC}") = "StockDAL.SQLite.Migrations", "StockDAL.SQLite.Migrations\StockDAL.SQLite.Migrations.csproj", "{40DD0418-4B54-4FDA-8AE9-15032D001B93}"
EndProject
Project("{FAE04EC0-301F-11D3-BF4B-00C04F79EFBC}") = "StockInfrastructure", "StockInfrastructure\StockInfrastructure.csproj", "{08B0B936-1D66-4DA3-98E2-F069BEE465FE}"
EndProject
Project("{2150E333-8FDC-42A3-9474-1A3956D46DE8}") = "StockWebAPI", "StockWebAPI", "{9C1F14EE-7833-483A-B448-44B02FC89508}"
EndProject
Project("{FAE04EC0-301F-11D3-BF4B-00C04F79EFBC}") = "StockBusinessLayer", "StockBusinessLayer\StockBusinessLayer.csproj", "{D86C955B-E9BB-4F00-AA98-808E525559B3}"
EndProject
Project("{FAE04EC0-301F-11D3-BF4B-00C04F79EFBC}") = "StockWebAPI", "StockWebAPI\StockWebAPI.csproj", "{3A526F2C-2049-4B38-99B7-6564112E9EAE}"
EndProject
Project("{2150E333-8FDC-42A3-9474-1A3956D46DE8}") = "GenericLayerdArchitecture", "GenericLayerdArchitecture", "{B23AFC43-CADA-4132-967F-75CC51F0FA04}"
EndProject
Project("{FAE04EC0-301F-11D3-BF4B-00C04F79EFBC}") = "GenericDataAccessLayer", "GenericDataAccessLayer\GenericDataAccessLayer.csproj", "{EE2030EE-04B3-4A40-819C-F4C3D95B4546}"
EndProject
Project("{FAE04EC0-301F-11D3-BF4B-00C04F79EFBC}") = "GenericInfrastructure", "GenericInfrastructure\GenericInfrastructure.csproj", "{8467885E-C197-4B98-95CD-DDCA92CC8636}"
EndProject
Project("{FAE04EC0-301F-11D3-BF4B-00C04F79EFBC}") = "GenericBusinessLayer", "GenericBusinessLayer\GenericBusinessLayer.csproj", "{9D5F965A-786E-41BE-B39C-8E6FB967444A}"
EndProject
Project("{FAE04EC0-301F-11D3-BF4B-00C04F79EFBC}") = "StockAPI", "StockAPI\StockAPI.csproj", "{08A9AE70-6333-4838-B9D1-5D5E767FBC5E}"
EndProject
Project("{2150E333-8FDC-42A3-9474-1A3956D46DE8}") = "MailWebAPI", "MailWebAPI", "{F5A09641-426D-4FA3-95D7-0D4843A282B0}"
EndProject
Project("{FAE04EC0-301F-11D3-BF4B-00C04F79EFBC}") = "MailDataAccessLayer", "MailDataAccessLayer\MailDataAccessLayer.csproj", "{701CFDC3-E65F-40CE-9CCE-F1CC2F4279D9}"
EndProject
Project("{FAE04EC0-301F-11D3-BF4B-00C04F79EFBC}") = "MailDAL.SQLite.Migrations", "MailDAL.SQLite.Migrations\MailDAL.SQLite.Migrations.csproj", "{A9E79BA3-6F6D-4724-B4A5-72FE3DA93433}"
EndProject
Project("{FAE04EC0-301F-11D3-BF4B-00C04F79EFBC}") = "MailInfrastructure", "MailInfrastructure\MailInfrastructure.csproj", "{4E3B7986-FF46-41E8-878C-AF160686B7B0}"
EndProject
Project("{FAE04EC0-301F-11D3-BF4B-00C04F79EFBC}") = "MailBusinessLayer", "MailBusinessLayer\MailBusinessLayer.csproj", "{835E630C-854F-4A49-997B-68E309E74645}"
EndProject
Project("{FAE04EC0-301F-11D3-BF4B-00C04F79EFBC}") = "MailAPI", "MailAPI\MailAPI.csproj", "{D761145A-EAC5-4B68-AAEB-6C32523EC60D}"
EndProject
Project("{FAE04EC0-301F-11D3-BF4B-00C04F79EFBC}") = "MailWebAPI", "MailWebAPI\MailWebAPI.csproj", "{2D1BCBD4-26F3-4D8C-B615-37A503301B51}"
EndProject
Project("{FAE04EC0-301F-11D3-BF4B-00C04F79EFBC}") = "StockBusinessLayerTests", "StockBusinessLayerTests\StockBusinessLayerTests.csproj", "{93FB6D4B-F54A-44E4-8D3F-22171282F6A2}"
EndProject
Project("{FAE04EC0-301F-11D3-BF4B-00C04F79EFBC}") = "TestUtilities", "TestUtilities\TestUtilities.csproj", "{3340B008-2491-431E-9D5B-6375DA1EF849}"
EndProject
Project("{FAE04EC0-301F-11D3-BF4B-00C04F79EFBC}") = "StockInfrastructureTests", "StockInfrastructureTests\StockInfrastructureTests.csproj", "{2D05CC19-68BE-4CCF-BB5C-D11A04AD632A}"
EndProject
Project("{9A19103F-16F7-4668-BE54-9A1E7A4F7556}") = "Scraper", "Scraper\Scraper.csproj", "{66E085DA-91EE-4D4B-80B9-88A526D6A97E}"
EndProject
Global
	GlobalSection(SolutionConfigurationPlatforms) = preSolution
		Debug|Any CPU = Debug|Any CPU
		Release|Any CPU = Release|Any CPU
	EndGlobalSection
	GlobalSection(ProjectConfigurationPlatforms) = postSolution
		{0ACC3F4F-0EC6-4062-BE96-E8CBE18582B9}.Debug|Any CPU.ActiveCfg = Debug|Any CPU
		{0ACC3F4F-0EC6-4062-BE96-E8CBE18582B9}.Debug|Any CPU.Build.0 = Debug|Any CPU
		{D1F23C86-33D0-43B7-9095-6C1EF0BA7D8B}.Debug|Any CPU.ActiveCfg = Debug|Any CPU
		{D1F23C86-33D0-43B7-9095-6C1EF0BA7D8B}.Debug|Any CPU.Build.0 = Debug|Any CPU
		{F25CE85C-74B7-41D4-A324-59AA6617C90E}.Debug|Any CPU.ActiveCfg = Debug|Any CPU
		{F25CE85C-74B7-41D4-A324-59AA6617C90E}.Debug|Any CPU.Build.0 = Debug|Any CPU
		{01341151-B542-4209-9BF3-822BF1D7A7DD}.Debug|Any CPU.ActiveCfg = Debug|Any CPU
		{01341151-B542-4209-9BF3-822BF1D7A7DD}.Debug|Any CPU.Build.0 = Debug|Any CPU
		{9E793217-F100-4577-A637-13DECC5EB5A2}.Debug|Any CPU.ActiveCfg = Debug|Any CPU
		{9E793217-F100-4577-A637-13DECC5EB5A2}.Debug|Any CPU.Build.0 = Debug|Any CPU
		{99439716-DE96-45D0-9561-73BDD388C2D0}.Debug|Any CPU.ActiveCfg = Debug|Any CPU
		{99439716-DE96-45D0-9561-73BDD388C2D0}.Debug|Any CPU.Build.0 = Debug|Any CPU
		{2D27F961-6FD1-4079-A005-EBFE792EC9A5}.Debug|Any CPU.ActiveCfg = Debug|Any CPU
		{2D27F961-6FD1-4079-A005-EBFE792EC9A5}.Debug|Any CPU.Build.0 = Debug|Any CPU
		{E6F876F6-C725-40CC-B7F1-6231A74B6CC4}.Debug|Any CPU.ActiveCfg = Debug|Any CPU
		{E6F876F6-C725-40CC-B7F1-6231A74B6CC4}.Debug|Any CPU.Build.0 = Debug|Any CPU
		{E6F876F6-C725-40CC-B7F1-6231A74B6CC4}.Release|Any CPU.ActiveCfg = Release|Any CPU
		{E6F876F6-C725-40CC-B7F1-6231A74B6CC4}.Release|Any CPU.Build.0 = Release|Any CPU
		{40DD0418-4B54-4FDA-8AE9-15032D001B93}.Debug|Any CPU.ActiveCfg = Debug|Any CPU
		{40DD0418-4B54-4FDA-8AE9-15032D001B93}.Debug|Any CPU.Build.0 = Debug|Any CPU
		{40DD0418-4B54-4FDA-8AE9-15032D001B93}.Release|Any CPU.ActiveCfg = Release|Any CPU
		{40DD0418-4B54-4FDA-8AE9-15032D001B93}.Release|Any CPU.Build.0 = Release|Any CPU
		{08B0B936-1D66-4DA3-98E2-F069BEE465FE}.Debug|Any CPU.ActiveCfg = Debug|Any CPU
		{08B0B936-1D66-4DA3-98E2-F069BEE465FE}.Debug|Any CPU.Build.0 = Debug|Any CPU
		{08B0B936-1D66-4DA3-98E2-F069BEE465FE}.Release|Any CPU.ActiveCfg = Release|Any CPU
		{08B0B936-1D66-4DA3-98E2-F069BEE465FE}.Release|Any CPU.Build.0 = Release|Any CPU
		{D86C955B-E9BB-4F00-AA98-808E525559B3}.Debug|Any CPU.ActiveCfg = Debug|Any CPU
		{D86C955B-E9BB-4F00-AA98-808E525559B3}.Debug|Any CPU.Build.0 = Debug|Any CPU
		{D86C955B-E9BB-4F00-AA98-808E525559B3}.Release|Any CPU.ActiveCfg = Release|Any CPU
		{D86C955B-E9BB-4F00-AA98-808E525559B3}.Release|Any CPU.Build.0 = Release|Any CPU
		{3A526F2C-2049-4B38-99B7-6564112E9EAE}.Debug|Any CPU.ActiveCfg = Debug|Any CPU
		{3A526F2C-2049-4B38-99B7-6564112E9EAE}.Debug|Any CPU.Build.0 = Debug|Any CPU
		{3A526F2C-2049-4B38-99B7-6564112E9EAE}.Release|Any CPU.ActiveCfg = Release|Any CPU
		{3A526F2C-2049-4B38-99B7-6564112E9EAE}.Release|Any CPU.Build.0 = Release|Any CPU
		{EE2030EE-04B3-4A40-819C-F4C3D95B4546}.Debug|Any CPU.ActiveCfg = Debug|Any CPU
		{EE2030EE-04B3-4A40-819C-F4C3D95B4546}.Debug|Any CPU.Build.0 = Debug|Any CPU
		{EE2030EE-04B3-4A40-819C-F4C3D95B4546}.Release|Any CPU.ActiveCfg = Release|Any CPU
		{EE2030EE-04B3-4A40-819C-F4C3D95B4546}.Release|Any CPU.Build.0 = Release|Any CPU
		{8467885E-C197-4B98-95CD-DDCA92CC8636}.Debug|Any CPU.ActiveCfg = Debug|Any CPU
		{8467885E-C197-4B98-95CD-DDCA92CC8636}.Debug|Any CPU.Build.0 = Debug|Any CPU
		{8467885E-C197-4B98-95CD-DDCA92CC8636}.Release|Any CPU.ActiveCfg = Release|Any CPU
		{8467885E-C197-4B98-95CD-DDCA92CC8636}.Release|Any CPU.Build.0 = Release|Any CPU
		{9D5F965A-786E-41BE-B39C-8E6FB967444A}.Debug|Any CPU.ActiveCfg = Debug|Any CPU
		{9D5F965A-786E-41BE-B39C-8E6FB967444A}.Debug|Any CPU.Build.0 = Debug|Any CPU
		{9D5F965A-786E-41BE-B39C-8E6FB967444A}.Release|Any CPU.ActiveCfg = Release|Any CPU
		{9D5F965A-786E-41BE-B39C-8E6FB967444A}.Release|Any CPU.Build.0 = Release|Any CPU
		{08A9AE70-6333-4838-B9D1-5D5E767FBC5E}.Debug|Any CPU.ActiveCfg = Debug|Any CPU
		{08A9AE70-6333-4838-B9D1-5D5E767FBC5E}.Debug|Any CPU.Build.0 = Debug|Any CPU
		{08A9AE70-6333-4838-B9D1-5D5E767FBC5E}.Release|Any CPU.ActiveCfg = Release|Any CPU
		{08A9AE70-6333-4838-B9D1-5D5E767FBC5E}.Release|Any CPU.Build.0 = Release|Any CPU
		{701CFDC3-E65F-40CE-9CCE-F1CC2F4279D9}.Debug|Any CPU.ActiveCfg = Debug|Any CPU
		{701CFDC3-E65F-40CE-9CCE-F1CC2F4279D9}.Debug|Any CPU.Build.0 = Debug|Any CPU
		{701CFDC3-E65F-40CE-9CCE-F1CC2F4279D9}.Release|Any CPU.ActiveCfg = Release|Any CPU
		{701CFDC3-E65F-40CE-9CCE-F1CC2F4279D9}.Release|Any CPU.Build.0 = Release|Any CPU
		{A9E79BA3-6F6D-4724-B4A5-72FE3DA93433}.Debug|Any CPU.ActiveCfg = Debug|Any CPU
		{A9E79BA3-6F6D-4724-B4A5-72FE3DA93433}.Debug|Any CPU.Build.0 = Debug|Any CPU
		{A9E79BA3-6F6D-4724-B4A5-72FE3DA93433}.Release|Any CPU.ActiveCfg = Release|Any CPU
		{A9E79BA3-6F6D-4724-B4A5-72FE3DA93433}.Release|Any CPU.Build.0 = Release|Any CPU
		{4E3B7986-FF46-41E8-878C-AF160686B7B0}.Debug|Any CPU.ActiveCfg = Debug|Any CPU
		{4E3B7986-FF46-41E8-878C-AF160686B7B0}.Debug|Any CPU.Build.0 = Debug|Any CPU
		{4E3B7986-FF46-41E8-878C-AF160686B7B0}.Release|Any CPU.ActiveCfg = Release|Any CPU
		{4E3B7986-FF46-41E8-878C-AF160686B7B0}.Release|Any CPU.Build.0 = Release|Any CPU
		{835E630C-854F-4A49-997B-68E309E74645}.Debug|Any CPU.ActiveCfg = Debug|Any CPU
		{835E630C-854F-4A49-997B-68E309E74645}.Debug|Any CPU.Build.0 = Debug|Any CPU
		{835E630C-854F-4A49-997B-68E309E74645}.Release|Any CPU.ActiveCfg = Release|Any CPU
		{835E630C-854F-4A49-997B-68E309E74645}.Release|Any CPU.Build.0 = Release|Any CPU
		{D761145A-EAC5-4B68-AAEB-6C32523EC60D}.Debug|Any CPU.ActiveCfg = Debug|Any CPU
		{D761145A-EAC5-4B68-AAEB-6C32523EC60D}.Debug|Any CPU.Build.0 = Debug|Any CPU
		{D761145A-EAC5-4B68-AAEB-6C32523EC60D}.Release|Any CPU.ActiveCfg = Release|Any CPU
		{D761145A-EAC5-4B68-AAEB-6C32523EC60D}.Release|Any CPU.Build.0 = Release|Any CPU
		{2D1BCBD4-26F3-4D8C-B615-37A503301B51}.Debug|Any CPU.ActiveCfg = Debug|Any CPU
		{2D1BCBD4-26F3-4D8C-B615-37A503301B51}.Debug|Any CPU.Build.0 = Debug|Any CPU
		{2D1BCBD4-26F3-4D8C-B615-37A503301B51}.Release|Any CPU.ActiveCfg = Release|Any CPU
		{2D1BCBD4-26F3-4D8C-B615-37A503301B51}.Release|Any CPU.Build.0 = Release|Any CPU
		{93FB6D4B-F54A-44E4-8D3F-22171282F6A2}.Debug|Any CPU.ActiveCfg = Debug|Any CPU
		{93FB6D4B-F54A-44E4-8D3F-22171282F6A2}.Debug|Any CPU.Build.0 = Debug|Any CPU
		{93FB6D4B-F54A-44E4-8D3F-22171282F6A2}.Release|Any CPU.ActiveCfg = Release|Any CPU
		{93FB6D4B-F54A-44E4-8D3F-22171282F6A2}.Release|Any CPU.Build.0 = Release|Any CPU
		{3340B008-2491-431E-9D5B-6375DA1EF849}.Debug|Any CPU.ActiveCfg = Debug|Any CPU
		{3340B008-2491-431E-9D5B-6375DA1EF849}.Debug|Any CPU.Build.0 = Debug|Any CPU
		{3340B008-2491-431E-9D5B-6375DA1EF849}.Release|Any CPU.ActiveCfg = Release|Any CPU
		{3340B008-2491-431E-9D5B-6375DA1EF849}.Release|Any CPU.Build.0 = Release|Any CPU
		{2D05CC19-68BE-4CCF-BB5C-D11A04AD632A}.Debug|Any CPU.ActiveCfg = Debug|Any CPU
		{2D05CC19-68BE-4CCF-BB5C-D11A04AD632A}.Debug|Any CPU.Build.0 = Debug|Any CPU
		{2D05CC19-68BE-4CCF-BB5C-D11A04AD632A}.Release|Any CPU.ActiveCfg = Release|Any CPU
		{2D05CC19-68BE-4CCF-BB5C-D11A04AD632A}.Release|Any CPU.Build.0 = Release|Any CPU
		{66E085DA-91EE-4D4B-80B9-88A526D6A97E}.Debug|Any CPU.ActiveCfg = Debug|Any CPU
		{66E085DA-91EE-4D4B-80B9-88A526D6A97E}.Debug|Any CPU.Build.0 = Debug|Any CPU
	EndGlobalSection
	GlobalSection(NestedProjects) = preSolution
		{40DD0418-4B54-4FDA-8AE9-15032D001B93} = {9C1F14EE-7833-483A-B448-44B02FC89508}
		{E6F876F6-C725-40CC-B7F1-6231A74B6CC4} = {9C1F14EE-7833-483A-B448-44B02FC89508}
		{08B0B936-1D66-4DA3-98E2-F069BEE465FE} = {9C1F14EE-7833-483A-B448-44B02FC89508}
		{D86C955B-E9BB-4F00-AA98-808E525559B3} = {9C1F14EE-7833-483A-B448-44B02FC89508}
		{3A526F2C-2049-4B38-99B7-6564112E9EAE} = {9C1F14EE-7833-483A-B448-44B02FC89508}
		{EE2030EE-04B3-4A40-819C-F4C3D95B4546} = {B23AFC43-CADA-4132-967F-75CC51F0FA04}
		{8467885E-C197-4B98-95CD-DDCA92CC8636} = {B23AFC43-CADA-4132-967F-75CC51F0FA04}
		{9D5F965A-786E-41BE-B39C-8E6FB967444A} = {B23AFC43-CADA-4132-967F-75CC51F0FA04}
		{08A9AE70-6333-4838-B9D1-5D5E767FBC5E} = {9C1F14EE-7833-483A-B448-44B02FC89508}
		{701CFDC3-E65F-40CE-9CCE-F1CC2F4279D9} = {F5A09641-426D-4FA3-95D7-0D4843A282B0}
		{A9E79BA3-6F6D-4724-B4A5-72FE3DA93433} = {F5A09641-426D-4FA3-95D7-0D4843A282B0}
		{4E3B7986-FF46-41E8-878C-AF160686B7B0} = {F5A09641-426D-4FA3-95D7-0D4843A282B0}
		{835E630C-854F-4A49-997B-68E309E74645} = {F5A09641-426D-4FA3-95D7-0D4843A282B0}
		{D761145A-EAC5-4B68-AAEB-6C32523EC60D} = {F5A09641-426D-4FA3-95D7-0D4843A282B0}
		{2D1BCBD4-26F3-4D8C-B615-37A503301B51} = {F5A09641-426D-4FA3-95D7-0D4843A282B0}
		{93FB6D4B-F54A-44E4-8D3F-22171282F6A2} = {9C1F14EE-7833-483A-B448-44B02FC89508}
		{3340B008-2491-431E-9D5B-6375DA1EF849} = {9C1F14EE-7833-483A-B448-44B02FC89508}
		{2D05CC19-68BE-4CCF-BB5C-D11A04AD632A} = {9C1F14EE-7833-483A-B448-44B02FC89508}
	EndGlobalSection
EndGlobal
